// !$*UTF8*$!
{
	archiveVersion = 1;
	classes = {
	};
	objectVersion = 46;
	objects = {

/* Begin PBXBuildFile section */
		6307384C1AA84D890003F1D3 /* main.m in Sources */ = {isa = PBXBuildFile; fileRef = 6307384B1AA84D890003F1D3 /* main.m */; };
		6307384F1AA84D890003F1D3 /* AppDelegate.m in Sources */ = {isa = PBXBuildFile; fileRef = 6307384E1AA84D890003F1D3 /* AppDelegate.m */; };
		630738521AA84D890003F1D3 /* ViewController.m in Sources */ = {isa = PBXBuildFile; fileRef = 630738511AA84D890003F1D3 /* ViewController.m */; };
		630738551AA84D890003F1D3 /* Main.storyboard in Resources */ = {isa = PBXBuildFile; fileRef = 630738531AA84D890003F1D3 /* Main.storyboard */; };
		630738571AA84D890003F1D3 /* Images.xcassets in Resources */ = {isa = PBXBuildFile; fileRef = 630738561AA84D890003F1D3 /* Images.xcassets */; };
		6307385A1AA84D890003F1D3 /* LaunchScreen.xib in Resources */ = {isa = PBXBuildFile; fileRef = 630738581AA84D890003F1D3 /* LaunchScreen.xib */; };
		630738661AA84D890003F1D3 /* PonyRouterTests.m in Sources */ = {isa = PBXBuildFile; fileRef = 630738651AA84D890003F1D3 /* PonyRouterTests.m */; };
		630738751AA84EFB0003F1D3 /* PGRApplication.m in Sources */ = {isa = PBXBuildFile; fileRef = 630738741AA84EFB0003F1D3 /* PGRApplication.m */; };
/* End PBXBuildFile section */

/* Begin PBXContainerItemProxy section */
		630738601AA84D890003F1D3 /* PBXContainerItemProxy */ = {
			isa = PBXContainerItemProxy;
			containerPortal = 6307383E1AA84D890003F1D3 /* Project object */;
			proxyType = 1;
			remoteGlobalIDString = 630738451AA84D890003F1D3;
			remoteInfo = PonyRouter;
		};
/* End PBXContainerItemProxy section */

/* Begin PBXFileReference section */
		630738461AA84D890003F1D3 /* PonyRouter.app */ = {isa = PBXFileReference; explicitFileType = wrapper.application; includeInIndex = 0; path = PonyRouter.app; sourceTree = BUILT_PRODUCTS_DIR; };
		6307384A1AA84D890003F1D3 /* Info.plist */ = {isa = PBXFileReference; lastKnownFileType = text.plist.xml; path = Info.plist; sourceTree = "<group>"; };
		6307384B1AA84D890003F1D3 /* main.m */ = {isa = PBXFileReference; lastKnownFileType = sourcecode.c.objc; path = main.m; sourceTree = "<group>"; };
		6307384D1AA84D890003F1D3 /* AppDelegate.h */ = {isa = PBXFileReference; lastKnownFileType = sourcecode.c.h; path = AppDelegate.h; sourceTree = "<group>"; };
		6307384E1AA84D890003F1D3 /* AppDelegate.m */ = {isa = PBXFileReference; lastKnownFileType = sourcecode.c.objc; path = AppDelegate.m; sourceTree = "<group>"; };
		630738501AA84D890003F1D3 /* ViewController.h */ = {isa = PBXFileReference; lastKnownFileType = sourcecode.c.h; path = ViewController.h; sourceTree = "<group>"; };
		630738511AA84D890003F1D3 /* ViewController.m */ = {isa = PBXFileReference; lastKnownFileType = sourcecode.c.objc; path = ViewController.m; sourceTree = "<group>"; };
		630738541AA84D890003F1D3 /* Base */ = {isa = PBXFileReference; lastKnownFileType = file.storyboard; name = Base; path = Base.lproj/Main.storyboard; sourceTree = "<group>"; };
		630738561AA84D890003F1D3 /* Images.xcassets */ = {isa = PBXFileReference; lastKnownFileType = folder.assetcatalog; path = Images.xcassets; sourceTree = "<group>"; };
		630738591AA84D890003F1D3 /* Base */ = {isa = PBXFileReference; lastKnownFileType = file.xib; name = Base; path = Base.lproj/LaunchScreen.xib; sourceTree = "<group>"; };
		6307385F1AA84D890003F1D3 /* PonyRouterTests.xctest */ = {isa = PBXFileReference; explicitFileType = wrapper.cfbundle; includeInIndex = 0; path = PonyRouterTests.xctest; sourceTree = BUILT_PRODUCTS_DIR; };
		630738641AA84D890003F1D3 /* Info.plist */ = {isa = PBXFileReference; lastKnownFileType = text.plist.xml; path = Info.plist; sourceTree = "<group>"; };
		630738651AA84D890003F1D3 /* PonyRouterTests.m */ = {isa = PBXFileReference; lastKnownFileType = sourcecode.c.objc; path = PonyRouterTests.m; sourceTree = "<group>"; };
		630738731AA84EFB0003F1D3 /* PGRApplication.h */ = {isa = PBXFileReference; fileEncoding = 4; lastKnownFileType = sourcecode.c.h; path = PGRApplication.h; sourceTree = "<group>"; };
		630738741AA84EFB0003F1D3 /* PGRApplication.m */ = {isa = PBXFileReference; fileEncoding = 4; lastKnownFileType = sourcecode.c.objc; path = PGRApplication.m; sourceTree = "<group>"; };
/* End PBXFileReference section */

/* Begin PBXFrameworksBuildPhase section */
		630738431AA84D890003F1D3 /* Frameworks */ = {
			isa = PBXFrameworksBuildPhase;
			buildActionMask = 2147483647;
			files = (
			);
			runOnlyForDeploymentPostprocessing = 0;
		};
		6307385C1AA84D890003F1D3 /* Frameworks */ = {
			isa = PBXFrameworksBuildPhase;
			buildActionMask = 2147483647;
			files = (
			);
			runOnlyForDeploymentPostprocessing = 0;
		};
/* End PBXFrameworksBuildPhase section */

/* Begin PBXGroup section */
		6307383D1AA84D890003F1D3 = {
			isa = PBXGroup;
			children = (
				630738481AA84D890003F1D3 /* PonyRouter */,
				630738621AA84D890003F1D3 /* PonyRouterTests */,
				630738471AA84D890003F1D3 /* Products */,
			);
			sourceTree = "<group>";
		};
		630738471AA84D890003F1D3 /* Products */ = {
			isa = PBXGroup;
			children = (
				630738461AA84D890003F1D3 /* PonyRouter.app */,
				6307385F1AA84D890003F1D3 /* PonyRouterTests.xctest */,
			);
			name = Products;
			sourceTree = "<group>";
		};
		630738481AA84D890003F1D3 /* PonyRouter */ = {
			isa = PBXGroup;
			children = (
				6307386F1AA84E6C0003F1D3 /* Classes */,
				6307384D1AA84D890003F1D3 /* AppDelegate.h */,
				6307384E1AA84D890003F1D3 /* AppDelegate.m */,
				630738501AA84D890003F1D3 /* ViewController.h */,
				630738511AA84D890003F1D3 /* ViewController.m */,
				630738531AA84D890003F1D3 /* Main.storyboard */,
				630738561AA84D890003F1D3 /* Images.xcassets */,
				630738581AA84D890003F1D3 /* LaunchScreen.xib */,
				630738491AA84D890003F1D3 /* Supporting Files */,
			);
			path = PonyRouter;
			sourceTree = "<group>";
		};
		630738491AA84D890003F1D3 /* Supporting Files */ = {
			isa = PBXGroup;
			children = (
				6307384A1AA84D890003F1D3 /* Info.plist */,
				6307384B1AA84D890003F1D3 /* main.m */,
			);
			name = "Supporting Files";
			sourceTree = "<group>";
		};
		630738621AA84D890003F1D3 /* PonyRouterTests */ = {
			isa = PBXGroup;
			children = (
				630738651AA84D890003F1D3 /* PonyRouterTests.m */,
				630738631AA84D890003F1D3 /* Supporting Files */,
			);
			path = PonyRouterTests;
			sourceTree = "<group>";
		};
		630738631AA84D890003F1D3 /* Supporting Files */ = {
			isa = PBXGroup;
			children = (
				630738641AA84D890003F1D3 /* Info.plist */,
			);
			name = "Supporting Files";
			sourceTree = "<group>";
		};
		6307386F1AA84E6C0003F1D3 /* Classes */ = {
			isa = PBXGroup;
			children = (
				630738701AA84ED40003F1D3 /* Application */,
				630738731AA84EFB0003F1D3 /* PGRApplication.h */,
				630738741AA84EFB0003F1D3 /* PGRApplication.m */,
			);
			path = Classes;
			sourceTree = "<group>";
		};
		630738701AA84ED40003F1D3 /* Application */ = {
			isa = PBXGroup;
			children = (
				630738711AA84ED40003F1D3 /* Application Interface */,
				630738721AA84ED40003F1D3 /* Application Logic */,
			);
			path = Application;
			sourceTree = "<group>";
		};
		630738711AA84ED40003F1D3 /* Application Interface */ = {
			isa = PBXGroup;
			children = (
			);
			path = "Application Interface";
			sourceTree = "<group>";
		};
		630738721AA84ED40003F1D3 /* Application Logic */ = {
			isa = PBXGroup;
			children = (
			);
			path = "Application Logic";
			sourceTree = "<group>";
		};
/* End PBXGroup section */

/* Begin PBXNativeTarget section */
		630738451AA84D890003F1D3 /* PonyRouter */ = {
			isa = PBXNativeTarget;
			buildConfigurationList = 630738691AA84D890003F1D3 /* Build configuration list for PBXNativeTarget "PonyRouter" */;
			buildPhases = (
				630738421AA84D890003F1D3 /* Sources */,
				630738431AA84D890003F1D3 /* Frameworks */,
				630738441AA84D890003F1D3 /* Resources */,
			);
			buildRules = (
			);
			dependencies = (
			);
			name = PonyRouter;
			productName = PonyRouter;
			productReference = 630738461AA84D890003F1D3 /* PonyRouter.app */;
			productType = "com.apple.product-type.application";
		};
		6307385E1AA84D890003F1D3 /* PonyRouterTests */ = {
			isa = PBXNativeTarget;
			buildConfigurationList = 6307386C1AA84D890003F1D3 /* Build configuration list for PBXNativeTarget "PonyRouterTests" */;
			buildPhases = (
				6307385B1AA84D890003F1D3 /* Sources */,
				6307385C1AA84D890003F1D3 /* Frameworks */,
				6307385D1AA84D890003F1D3 /* Resources */,
			);
			buildRules = (
			);
			dependencies = (
				630738611AA84D890003F1D3 /* PBXTargetDependency */,
			);
			name = PonyRouterTests;
			productName = PonyRouterTests;
			productReference = 6307385F1AA84D890003F1D3 /* PonyRouterTests.xctest */;
			productType = "com.apple.product-type.bundle.unit-test";
		};
/* End PBXNativeTarget section */

/* Begin PBXProject section */
		6307383E1AA84D890003F1D3 /* Project object */ = {
			isa = PBXProject;
			attributes = {
				CLASSPREFIX = PGR;
				LastUpgradeCheck = 0610;
				ORGANIZATIONNAME = "多玩事业部 iOS开发组 YY Inc.";
				TargetAttributes = {
					630738451AA84D890003F1D3 = {
						CreatedOnToolsVersion = 6.1.1;
					};
					6307385E1AA84D890003F1D3 = {
						CreatedOnToolsVersion = 6.1.1;
						TestTargetID = 630738451AA84D890003F1D3;
					};
				};
			};
			buildConfigurationList = 630738411AA84D890003F1D3 /* Build configuration list for PBXProject "PonyRouter" */;
			compatibilityVersion = "Xcode 3.2";
			developmentRegion = English;
			hasScannedForEncodings = 0;
			knownRegions = (
				en,
				Base,
			);
			mainGroup = 6307383D1AA84D890003F1D3;
			productRefGroup = 630738471AA84D890003F1D3 /* Products */;
			projectDirPath = "";
			projectRoot = "";
			targets = (
				630738451AA84D890003F1D3 /* PonyRouter */,
				6307385E1AA84D890003F1D3 /* PonyRouterTests */,
			);
		};
/* End PBXProject section */

/* Begin PBXResourcesBuildPhase section */
		630738441AA84D890003F1D3 /* Resources */ = {
			isa = PBXResourcesBuildPhase;
			buildActionMask = 2147483647;
			files = (
				630738551AA84D890003F1D3 /* Main.storyboard in Resources */,
				6307385A1AA84D890003F1D3 /* LaunchScreen.xib in Resources */,
				630738571AA84D890003F1D3 /* Images.xcassets in Resources */,
			);
			runOnlyForDeploymentPostprocessing = 0;
		};
		6307385D1AA84D890003F1D3 /* Resources */ = {
			isa = PBXResourcesBuildPhase;
			buildActionMask = 2147483647;
			files = (
			);
			runOnlyForDeploymentPostprocessing = 0;
		};
/* End PBXResourcesBuildPhase section */

/* Begin PBXSourcesBuildPhase section */
		630738421AA84D890003F1D3 /* Sources */ = {
			isa = PBXSourcesBuildPhase;
			buildActionMask = 2147483647;
			files = (
				630738751AA84EFB0003F1D3 /* PGRApplication.m in Sources */,
				630738521AA84D890003F1D3 /* ViewController.m in Sources */,
				6307384F1AA84D890003F1D3 /* AppDelegate.m in Sources */,
				6307384C1AA84D890003F1D3 /* main.m in Sources */,
			);
			runOnlyForDeploymentPostprocessing = 0;
		};
		6307385B1AA84D890003F1D3 /* Sources */ = {
			isa = PBXSourcesBuildPhase;
			buildActionMask = 2147483647;
			files = (
				630738661AA84D890003F1D3 /* PonyRouterTests.m in Sources */,
			);
			runOnlyForDeploymentPostprocessing = 0;
		};
/* End PBXSourcesBuildPhase section */

/* Begin PBXTargetDependency section */
		630738611AA84D890003F1D3 /* PBXTargetDependency */ = {
			isa = PBXTargetDependency;
			target = 630738451AA84D890003F1D3 /* PonyRouter */;
			targetProxy = 630738601AA84D890003F1D3 /* PBXContainerItemProxy */;
		};
/* End PBXTargetDependency section */

/* Begin PBXVariantGroup section */
		630738531AA84D890003F1D3 /* Main.storyboard */ = {
			isa = PBXVariantGroup;
			children = (
				630738541AA84D890003F1D3 /* Base */,
			);
			name = Main.storyboard;
			sourceTree = "<group>";
		};
		630738581AA84D890003F1D3 /* LaunchScreen.xib */ = {
			isa = PBXVariantGroup;
			children = (
				630738591AA84D890003F1D3 /* Base */,
			);
			name = LaunchScreen.xib;
			sourceTree = "<group>";
		};
/* End PBXVariantGroup section */

/* Begin XCBuildConfiguration section */
		630738671AA84D890003F1D3 /* Debug */ = {
			isa = XCBuildConfiguration;
			buildSettings = {
				ALWAYS_SEARCH_USER_PATHS = NO;
				CLANG_CXX_LANGUAGE_STANDARD = "gnu++0x";
				CLANG_CXX_LIBRARY = "libc++";
				CLANG_ENABLE_MODULES = YES;
				CLANG_ENABLE_OBJC_ARC = YES;
				CLANG_WARN_BOOL_CONVERSION = YES;
				CLANG_WARN_CONSTANT_CONVERSION = YES;
				CLANG_WARN_DIRECT_OBJC_ISA_USAGE = YES_ERROR;
				CLANG_WARN_EMPTY_BODY = YES;
				CLANG_WARN_ENUM_CONVERSION = YES;
				CLANG_WARN_INT_CONVERSION = YES;
				CLANG_WARN_OBJC_ROOT_CLASS = YES_ERROR;
				CLANG_WARN_UNREACHABLE_CODE = YES;
				CLANG_WARN__DUPLICATE_METHOD_MATCH = YES;
				"CODE_SIGN_IDENTITY[sdk=iphoneos*]" = "iPhone Developer";
				COPY_PHASE_STRIP = NO;
				ENABLE_STRICT_OBJC_MSGSEND = YES;
				GCC_C_LANGUAGE_STANDARD = gnu99;
				GCC_DYNAMIC_NO_PIC = NO;
				GCC_OPTIMIZATION_LEVEL = 0;
				GCC_PREPROCESSOR_DEFINITIONS = (
					"DEBUG=1",
					"$(inherited)",
				);
				GCC_SYMBOLS_PRIVATE_EXTERN = NO;
				GCC_WARN_64_TO_32_BIT_CONVERSION = YES;
				GCC_WARN_ABOUT_RETURN_TYPE = YES_ERROR;
				GCC_WARN_UNDECLARED_SELECTOR = YES;
				GCC_WARN_UNINITIALIZED_AUTOS = YES_AGGRESSIVE;
				GCC_WARN_UNUSED_FUNCTION = YES;
				GCC_WARN_UNUSED_VARIABLE = YES;
				IPHONEOS_DEPLOYMENT_TARGET = 8.1;
				MTL_ENABLE_DEBUG_INFO = YES;
				ONLY_ACTIVE_ARCH = YES;
				SDKROOT = iphoneos;
			};
			name = Debug;
		};
		630738681AA84D890003F1D3 /* Release */ = {
			isa = XCBuildConfiguration;
			buildSettings = {
				ALWAYS_SEARCH_USER_PATHS = NO;
				CLANG_CXX_LANGUAGE_STANDARD = "gnu++0x";
				CLANG_CXX_LIBRARY = "libc++";
				CLANG_ENABLE_MODULES = YES;
				CLANG_ENABLE_OBJC_ARC = YES;
				CLANG_WARN_BOOL_CONVERSION = YES;
				CLANG_WARN_CONSTANT_CONVERSION = YES;
				CLANG_WARN_DIRECT_OBJC_ISA_USAGE = YES_ERROR;
				CLANG_WARN_EMPTY_BODY = YES;
				CLANG_WARN_ENUM_CONVERSION = YES;
				CLANG_WARN_INT_CONVERSION = YES;
				CLANG_WARN_OBJC_ROOT_CLASS = YES_ERROR;
				CLANG_WARN_UNREACHABLE_CODE = YES;
				CLANG_WARN__DUPLICATE_METHOD_MATCH = YES;
				"CODE_SIGN_IDENTITY[sdk=iphoneos*]" = "iPhone Developer";
				COPY_PHASE_STRIP = YES;
				ENABLE_NS_ASSERTIONS = NO;
				ENABLE_STRICT_OBJC_MSGSEND = YES;
				GCC_C_LANGUAGE_STANDARD = gnu99;
				GCC_WARN_64_TO_32_BIT_CONVERSION = YES;
				GCC_WARN_ABOUT_RETURN_TYPE = YES_ERROR;
				GCC_WARN_UNDECLARED_SELECTOR = YES;
				GCC_WARN_UNINITIALIZED_AUTOS = YES_AGGRESSIVE;
				GCC_WARN_UNUSED_FUNCTION = YES;
				GCC_WARN_UNUSED_VARIABLE = YES;
				IPHONEOS_DEPLOYMENT_TARGET = 8.1;
				MTL_ENABLE_DEBUG_INFO = NO;
				SDKROOT = iphoneos;
				VALIDATE_PRODUCT = YES;
			};
			name = Release;
		};
		6307386A1AA84D890003F1D3 /* Debug */ = {
			isa = XCBuildConfiguration;
			buildSettings = {
				ASSETCATALOG_COMPILER_APPICON_NAME = AppIcon;
				INFOPLIST_FILE = PonyRouter/Info.plist;
				LD_RUNPATH_SEARCH_PATHS = "$(inherited) @executable_path/Frameworks";
				PRODUCT_NAME = "$(TARGET_NAME)";
			};
			name = Debug;
		};
		6307386B1AA84D890003F1D3 /* Release */ = {
			isa = XCBuildConfiguration;
			buildSettings = {
				ASSETCATALOG_COMPILER_APPICON_NAME = AppIcon;
				INFOPLIST_FILE = PonyRouter/Info.plist;
				LD_RUNPATH_SEARCH_PATHS = "$(inherited) @executable_path/Frameworks";
				PRODUCT_NAME = "$(TARGET_NAME)";
			};
			name = Release;
		};
		6307386D1AA84D890003F1D3 /* Debug */ = {
			isa = XCBuildConfiguration;
			buildSettings = {
				BUNDLE_LOADER = "$(TEST_HOST)";
				FRAMEWORK_SEARCH_PATHS = (
					"$(SDKROOT)/Developer/Library/Frameworks",
					"$(inherited)",
				);
				GCC_PREPROCESSOR_DEFINITIONS = (
					"DEBUG=1",
					"$(inherited)",
				);
				INFOPLIST_FILE = PonyRouterTests/Info.plist;
				LD_RUNPATH_SEARCH_PATHS = "$(inherited) @executable_path/Frameworks @loader_path/Frameworks";
				PRODUCT_NAME = "$(TARGET_NAME)";
				TEST_HOST = "$(BUILT_PRODUCTS_DIR)/PonyRouter.app/PonyRouter";
			};
			name = Debug;
		};
		6307386E1AA84D890003F1D3 /* Release */ = {
			isa = XCBuildConfiguration;
			buildSettings = {
				BUNDLE_LOADER = "$(TEST_HOST)";
				FRAMEWORK_SEARCH_PATHS = (
					"$(SDKROOT)/Developer/Library/Frameworks",
					"$(inherited)",
				);
				INFOPLIST_FILE = PonyRouterTests/Info.plist;
				LD_RUNPATH_SEARCH_PATHS = "$(inherited) @executable_path/Frameworks @loader_path/Frameworks";
				PRODUCT_NAME = "$(TARGET_NAME)";
				TEST_HOST = "$(BUILT_PRODUCTS_DIR)/PonyRouter.app/PonyRouter";
			};
			name = Release;
		};
/* End XCBuildConfiguration section */

/* Begin XCConfigurationList section */
		630738411AA84D890003F1D3 /* Build configuration list for PBXProject "PonyRouter" */ = {
			isa = XCConfigurationList;
			buildConfigurations = (
				630738671AA84D890003F1D3 /* Debug */,
				630738681AA84D890003F1D3 /* Release */,
			);
			defaultConfigurationIsVisible = 0;
			defaultConfigurationName = Release;
		};
		630738691AA84D890003F1D3 /* Build configuration list for PBXNativeTarget "PonyRouter" */ = {
			isa = XCConfigurationList;
			buildConfigurations = (
				6307386A1AA84D890003F1D3 /* Debug */,
				6307386B1AA84D890003F1D3 /* Release */,
			);
			defaultConfigurationIsVisible = 0;
			defaultConfigurationName = Release;
		};
		6307386C1AA84D890003F1D3 /* Build configuration list for PBXNativeTarget "PonyRouterTests" */ = {
			isa = XCConfigurationList;
			buildConfigurations = (
				6307386D1AA84D890003F1D3 /* Debug */,
				6307386E1AA84D890003F1D3 /* Release */,
			);
			defaultConfigurationIsVisible = 0;
			defaultConfigurationName = Release;
		};
/* End XCConfigurationList section */
	};
	rootObject = 6307383E1AA84D890003F1D3 /* Project object */;
}
